// !$*UTF8*$!
{
	archiveVersion = 1;
	classes = {
	};
	objectVersion = 50;
	objects = {

/* Begin PBXBuildFile section */
		7152A2CD234319FC00B1DF58 /* AppDelegate.swift in Sources */ = {isa = PBXBuildFile; fileRef = 7152A2CC234319FC00B1DF58 /* AppDelegate.swift */; };
		7152A2CF234319FC00B1DF58 /* SceneDelegate.swift in Sources */ = {isa = PBXBuildFile; fileRef = 7152A2CE234319FC00B1DF58 /* SceneDelegate.swift */; };
		7152A2D2234319FC00B1DF58 /* The_List.xcdatamodeld in Sources */ = {isa = PBXBuildFile; fileRef = 7152A2D0234319FC00B1DF58 /* The_List.xcdatamodeld */; };
		7152A2D4234319FC00B1DF58 /* ContentView.swift in Sources */ = {isa = PBXBuildFile; fileRef = 7152A2D3234319FC00B1DF58 /* ContentView.swift */; };
		7152A2D6234319FE00B1DF58 /* Assets.xcassets in Resources */ = {isa = PBXBuildFile; fileRef = 7152A2D5234319FE00B1DF58 /* Assets.xcassets */; };
		7152A2D9234319FE00B1DF58 /* Preview Assets.xcassets in Resources */ = {isa = PBXBuildFile; fileRef = 7152A2D8234319FE00B1DF58 /* Preview Assets.xcassets */; };
		7152A2DC234319FE00B1DF58 /* LaunchScreen.storyboard in Resources */ = {isa = PBXBuildFile; fileRef = 7152A2DA234319FE00B1DF58 /* LaunchScreen.storyboard */; };
		7152A2E7234319FE00B1DF58 /* The_ListTests.swift in Sources */ = {isa = PBXBuildFile; fileRef = 7152A2E6234319FE00B1DF58 /* The_ListTests.swift */; };
		7152A2F2234319FE00B1DF58 /* The_ListUITests.swift in Sources */ = {isa = PBXBuildFile; fileRef = 7152A2F1234319FE00B1DF58 /* The_ListUITests.swift */; };
/* End PBXBuildFile section */

/* Begin PBXContainerItemProxy section */
		7152A2E3234319FE00B1DF58 /* PBXContainerItemProxy */ = {
			isa = PBXContainerItemProxy;
			containerPortal = 7152A2C1234319FC00B1DF58 /* Project object */;
			proxyType = 1;
			remoteGlobalIDString = 7152A2C8234319FC00B1DF58;
			remoteInfo = "The List";
		};
		7152A2EE234319FE00B1DF58 /* PBXContainerItemProxy */ = {
			isa = PBXContainerItemProxy;
			containerPortal = 7152A2C1234319FC00B1DF58 /* Project object */;
			proxyType = 1;
			remoteGlobalIDString = 7152A2C8234319FC00B1DF58;
			remoteInfo = "The List";
		};
/* End PBXContainerItemProxy section */

/* Begin PBXFileReference section */
		7152A2C9234319FC00B1DF58 /* The List.app */ = {isa = PBXFileReference; explicitFileType = wrapper.application; includeInIndex = 0; path = "The List.app"; sourceTree = BUILT_PRODUCTS_DIR; };
		7152A2CC234319FC00B1DF58 /* AppDelegate.swift */ = {isa = PBXFileReference; lastKnownFileType = sourcecode.swift; path = AppDelegate.swift; sourceTree = "<group>"; };
		7152A2CE234319FC00B1DF58 /* SceneDelegate.swift */ = {isa = PBXFileReference; lastKnownFileType = sourcecode.swift; path = SceneDelegate.swift; sourceTree = "<group>"; };
		7152A2D1234319FC00B1DF58 /* The_List.xcdatamodel */ = {isa = PBXFileReference; lastKnownFileType = wrapper.xcdatamodel; path = The_List.xcdatamodel; sourceTree = "<group>"; };
		7152A2D3234319FC00B1DF58 /* ContentView.swift */ = {isa = PBXFileReference; lastKnownFileType = sourcecode.swift; path = ContentView.swift; sourceTree = "<group>"; };
		7152A2D5234319FE00B1DF58 /* Assets.xcassets */ = {isa = PBXFileReference; lastKnownFileType = folder.assetcatalog; path = Assets.xcassets; sourceTree = "<group>"; };
		7152A2D8234319FE00B1DF58 /* Preview Assets.xcassets */ = {isa = PBXFileReference; lastKnownFileType = folder.assetcatalog; path = "Preview Assets.xcassets"; sourceTree = "<group>"; };
		7152A2DB234319FE00B1DF58 /* Base */ = {isa = PBXFileReference; lastKnownFileType = file.storyboard; name = Base; path = Base.lproj/LaunchScreen.storyboard; sourceTree = "<group>"; };
		7152A2DD234319FE00B1DF58 /* Info.plist */ = {isa = PBXFileReference; lastKnownFileType = text.plist.xml; path = Info.plist; sourceTree = "<group>"; };
		7152A2E2234319FE00B1DF58 /* The ListTests.xctest */ = {isa = PBXFileReference; explicitFileType = wrapper.cfbundle; includeInIndex = 0; path = "The ListTests.xctest"; sourceTree = BUILT_PRODUCTS_DIR; };
		7152A2E6234319FE00B1DF58 /* The_ListTests.swift */ = {isa = PBXFileReference; lastKnownFileType = sourcecode.swift; path = The_ListTests.swift; sourceTree = "<group>"; };
		7152A2E8234319FE00B1DF58 /* Info.plist */ = {isa = PBXFileReference; lastKnownFileType = text.plist.xml; path = Info.plist; sourceTree = "<group>"; };
		7152A2ED234319FE00B1DF58 /* The ListUITests.xctest */ = {isa = PBXFileReference; explicitFileType = wrapper.cfbundle; includeInIndex = 0; path = "The ListUITests.xctest"; sourceTree = BUILT_PRODUCTS_DIR; };
		7152A2F1234319FE00B1DF58 /* The_ListUITests.swift */ = {isa = PBXFileReference; lastKnownFileType = sourcecode.swift; path = The_ListUITests.swift; sourceTree = "<group>"; };
		7152A2F3234319FE00B1DF58 /* Info.plist */ = {isa = PBXFileReference; lastKnownFileType = text.plist.xml; path = Info.plist; sourceTree = "<group>"; };
/* End PBXFileReference section */

/* Begin PBXFrameworksBuildPhase section */
		7152A2C6234319FC00B1DF58 /* Frameworks */ = {
			isa = PBXFrameworksBuildPhase;
			buildActionMask = 2147483647;
			files = (
			);
			runOnlyForDeploymentPostprocessing = 0;
		};
		7152A2DF234319FE00B1DF58 /* Frameworks */ = {
			isa = PBXFrameworksBuildPhase;
			buildActionMask = 2147483647;
			files = (
			);
			runOnlyForDeploymentPostprocessing = 0;
		};
		7152A2EA234319FE00B1DF58 /* Frameworks */ = {
			isa = PBXFrameworksBuildPhase;
			buildActionMask = 2147483647;
			files = (
			);
			runOnlyForDeploymentPostprocessing = 0;
		};
/* End PBXFrameworksBuildPhase section */

/* Begin PBXGroup section */
		7152A2C0234319FC00B1DF58 = {
			isa = PBXGroup;
			children = (
				7152A2CB234319FC00B1DF58 /* The List */,
				7152A2E5234319FE00B1DF58 /* The ListTests */,
				7152A2F0234319FE00B1DF58 /* The ListUITests */,
				7152A2CA234319FC00B1DF58 /* Products */,
			);
			sourceTree = "<group>";
		};
		7152A2CA234319FC00B1DF58 /* Products */ = {
			isa = PBXGroup;
			children = (
				7152A2C9234319FC00B1DF58 /* The List.app */,
				7152A2E2234319FE00B1DF58 /* The ListTests.xctest */,
				7152A2ED234319FE00B1DF58 /* The ListUITests.xctest */,
			);
			name = Products;
			sourceTree = "<group>";
		};
		7152A2CB234319FC00B1DF58 /* The List */ = {
			isa = PBXGroup;
			children = (
				7152A2CC234319FC00B1DF58 /* AppDelegate.swift */,
				7152A2CE234319FC00B1DF58 /* SceneDelegate.swift */,
				7152A2D3234319FC00B1DF58 /* ContentView.swift */,
				7152A2D5234319FE00B1DF58 /* Assets.xcassets */,
				7152A2DA234319FE00B1DF58 /* LaunchScreen.storyboard */,
				7152A2DD234319FE00B1DF58 /* Info.plist */,
				7152A2D0234319FC00B1DF58 /* The_List.xcdatamodeld */,
				7152A2D7234319FE00B1DF58 /* Preview Content */,
			);
			path = "The List";
			sourceTree = "<group>";
		};
		7152A2D7234319FE00B1DF58 /* Preview Content */ = {
			isa = PBXGroup;
			children = (
				7152A2D8234319FE00B1DF58 /* Preview Assets.xcassets */,
			);
			path = "Preview Content";
			sourceTree = "<group>";
		};
		7152A2E5234319FE00B1DF58 /* The ListTests */ = {
			isa = PBXGroup;
			children = (
				7152A2E6234319FE00B1DF58 /* The_ListTests.swift */,
				7152A2E8234319FE00B1DF58 /* Info.plist */,
			);
			path = "The ListTests";
			sourceTree = "<group>";
		};
		7152A2F0234319FE00B1DF58 /* The ListUITests */ = {
			isa = PBXGroup;
			children = (
				7152A2F1234319FE00B1DF58 /* The_ListUITests.swift */,
				7152A2F3234319FE00B1DF58 /* Info.plist */,
			);
			path = "The ListUITests";
			sourceTree = "<group>";
		};
/* End PBXGroup section */

/* Begin PBXNativeTarget section */
		7152A2C8234319FC00B1DF58 /* The List */ = {
			isa = PBXNativeTarget;
			buildConfigurationList = 7152A2F6234319FE00B1DF58 /* Build configuration list for PBXNativeTarget "The List" */;
			buildPhases = (
				7152A2C5234319FC00B1DF58 /* Sources */,
				7152A2C6234319FC00B1DF58 /* Frameworks */,
				7152A2C7234319FC00B1DF58 /* Resources */,
			);
			buildRules = (
			);
			dependencies = (
			);
			name = "The List";
			productName = "The List";
			productReference = 7152A2C9234319FC00B1DF58 /* The List.app */;
			productType = "com.apple.product-type.application";
		};
		7152A2E1234319FE00B1DF58 /* The ListTests */ = {
			isa = PBXNativeTarget;
			buildConfigurationList = 7152A2F9234319FE00B1DF58 /* Build configuration list for PBXNativeTarget "The ListTests" */;
			buildPhases = (
				7152A2DE234319FE00B1DF58 /* Sources */,
				7152A2DF234319FE00B1DF58 /* Frameworks */,
				7152A2E0234319FE00B1DF58 /* Resources */,
			);
			buildRules = (
			);
			dependencies = (
				7152A2E4234319FE00B1DF58 /* PBXTargetDependency */,
			);
			name = "The ListTests";
			productName = "The ListTests";
			productReference = 7152A2E2234319FE00B1DF58 /* The ListTests.xctest */;
			productType = "com.apple.product-type.bundle.unit-test";
		};
		7152A2EC234319FE00B1DF58 /* The ListUITests */ = {
			isa = PBXNativeTarget;
			buildConfigurationList = 7152A2FC234319FE00B1DF58 /* Build configuration list for PBXNativeTarget "The ListUITests" */;
			buildPhases = (
				7152A2E9234319FE00B1DF58 /* Sources */,
				7152A2EA234319FE00B1DF58 /* Frameworks */,
				7152A2EB234319FE00B1DF58 /* Resources */,
			);
			buildRules = (
			);
			dependencies = (
				7152A2EF234319FE00B1DF58 /* PBXTargetDependency */,
			);
			name = "The ListUITests";
			productName = "The ListUITests";
			productReference = 7152A2ED234319FE00B1DF58 /* The ListUITests.xctest */;
			productType = "com.apple.product-type.bundle.ui-testing";
		};
/* End PBXNativeTarget section */

/* Begin PBXProject section */
		7152A2C1234319FC00B1DF58 /* Project object */ = {
			isa = PBXProject;
			attributes = {
				LastSwiftUpdateCheck = 1100;
				LastUpgradeCheck = 1100;
				ORGANIZATIONNAME = "Eric Foster";
				TargetAttributes = {
					7152A2C8234319FC00B1DF58 = {
						CreatedOnToolsVersion = 11.0;
					};
					7152A2E1234319FE00B1DF58 = {
						CreatedOnToolsVersion = 11.0;
						TestTargetID = 7152A2C8234319FC00B1DF58;
					};
					7152A2EC234319FE00B1DF58 = {
						CreatedOnToolsVersion = 11.0;
						TestTargetID = 7152A2C8234319FC00B1DF58;
					};
				};
			};
			buildConfigurationList = 7152A2C4234319FC00B1DF58 /* Build configuration list for PBXProject "The List" */;
			compatibilityVersion = "Xcode 9.3";
			developmentRegion = en;
			hasScannedForEncodings = 0;
			knownRegions = (
				en,
				Base,
			);
			mainGroup = 7152A2C0234319FC00B1DF58;
			productRefGroup = 7152A2CA234319FC00B1DF58 /* Products */;
			projectDirPath = "";
			projectRoot = "";
			targets = (
				7152A2C8234319FC00B1DF58 /* The List */,
				7152A2E1234319FE00B1DF58 /* The ListTests */,
				7152A2EC234319FE00B1DF58 /* The ListUITests */,
			);
		};
/* End PBXProject section */

/* Begin PBXResourcesBuildPhase section */
		7152A2C7234319FC00B1DF58 /* Resources */ = {
			isa = PBXResourcesBuildPhase;
			buildActionMask = 2147483647;
			files = (
				7152A2DC234319FE00B1DF58 /* LaunchScreen.storyboard in Resources */,
				7152A2D9234319FE00B1DF58 /* Preview Assets.xcassets in Resources */,
				7152A2D6234319FE00B1DF58 /* Assets.xcassets in Resources */,
			);
			runOnlyForDeploymentPostprocessing = 0;
		};
		7152A2E0234319FE00B1DF58 /* Resources */ = {
			isa = PBXResourcesBuildPhase;
			buildActionMask = 2147483647;
			files = (
			);
			runOnlyForDeploymentPostprocessing = 0;
		};
		7152A2EB234319FE00B1DF58 /* Resources */ = {
			isa = PBXResourcesBuildPhase;
			buildActionMask = 2147483647;
			files = (
			);
			runOnlyForDeploymentPostprocessing = 0;
		};
/* End PBXResourcesBuildPhase section */

/* Begin PBXSourcesBuildPhase section */
		7152A2C5234319FC00B1DF58 /* Sources */ = {
			isa = PBXSourcesBuildPhase;
			buildActionMask = 2147483647;
			files = (
				7152A2CD234319FC00B1DF58 /* AppDelegate.swift in Sources */,
				7152A2D2234319FC00B1DF58 /* The_List.xcdatamodeld in Sources */,
				7152A2D4234319FC00B1DF58 /* ContentView.swift in Sources */,
				7152A2CF234319FC00B1DF58 /* SceneDelegate.swift in Sources */,
			);
			runOnlyForDeploymentPostprocessing = 0;
		};
		7152A2DE234319FE00B1DF58 /* Sources */ = {
			isa = PBXSourcesBuildPhase;
			buildActionMask = 2147483647;
			files = (
				7152A2E7234319FE00B1DF58 /* The_ListTests.swift in Sources */,
			);
			runOnlyForDeploymentPostprocessing = 0;
		};
		7152A2E9234319FE00B1DF58 /* Sources */ = {
			isa = PBXSourcesBuildPhase;
			buildActionMask = 2147483647;
			files = (
				7152A2F2234319FE00B1DF58 /* The_ListUITests.swift in Sources */,
			);
			runOnlyForDeploymentPostprocessing = 0;
		};
/* End PBXSourcesBuildPhase section */

/* Begin PBXTargetDependency section */
		7152A2E4234319FE00B1DF58 /* PBXTargetDependency */ = {
			isa = PBXTargetDependency;
			target = 7152A2C8234319FC00B1DF58 /* The List */;
			targetProxy = 7152A2E3234319FE00B1DF58 /* PBXContainerItemProxy */;
		};
		7152A2EF234319FE00B1DF58 /* PBXTargetDependency */ = {
			isa = PBXTargetDependency;
			target = 7152A2C8234319FC00B1DF58 /* The List */;
			targetProxy = 7152A2EE234319FE00B1DF58 /* PBXContainerItemProxy */;
		};
/* End PBXTargetDependency section */

/* Begin PBXVariantGroup section */
		7152A2DA234319FE00B1DF58 /* LaunchScreen.storyboard */ = {
			isa = PBXVariantGroup;
			children = (
				7152A2DB234319FE00B1DF58 /* Base */,
			);
			name = LaunchScreen.storyboard;
			sourceTree = "<group>";
		};
/* End PBXVariantGroup section */

/* Begin XCBuildConfiguration section */
		7152A2F4234319FE00B1DF58 /* Debug */ = {
			isa = XCBuildConfiguration;
			buildSettings = {
				ALWAYS_SEARCH_USER_PATHS = NO;
				CLANG_ANALYZER_NONNULL = YES;
				CLANG_ANALYZER_NUMBER_OBJECT_CONVERSION = YES_AGGRESSIVE;
				CLANG_CXX_LANGUAGE_STANDARD = "gnu++14";
				CLANG_CXX_LIBRARY = "libc++";
				CLANG_ENABLE_MODULES = YES;
				CLANG_ENABLE_OBJC_ARC = YES;
				CLANG_ENABLE_OBJC_WEAK = YES;
				CLANG_WARN_BLOCK_CAPTURE_AUTORELEASING = YES;
				CLANG_WARN_BOOL_CONVERSION = YES;
				CLANG_WARN_COMMA = YES;
				CLANG_WARN_CONSTANT_CONVERSION = YES;
				CLANG_WARN_DEPRECATED_OBJC_IMPLEMENTATIONS = YES;
				CLANG_WARN_DIRECT_OBJC_ISA_USAGE = YES_ERROR;
				CLANG_WARN_DOCUMENTATION_COMMENTS = YES;
				CLANG_WARN_EMPTY_BODY = YES;
				CLANG_WARN_ENUM_CONVERSION = YES;
				CLANG_WARN_INFINITE_RECURSION = YES;
				CLANG_WARN_INT_CONVERSION = YES;
				CLANG_WARN_NON_LITERAL_NULL_CONVERSION = YES;
				CLANG_WARN_OBJC_IMPLICIT_RETAIN_SELF = YES;
				CLANG_WARN_OBJC_LITERAL_CONVERSION = YES;
				CLANG_WARN_OBJC_ROOT_CLASS = YES_ERROR;
				CLANG_WARN_RANGE_LOOP_ANALYSIS = YES;
				CLANG_WARN_STRICT_PROTOTYPES = YES;
				CLANG_WARN_SUSPICIOUS_MOVE = YES;
				CLANG_WARN_UNGUARDED_AVAILABILITY = YES_AGGRESSIVE;
				CLANG_WARN_UNREACHABLE_CODE = YES;
				CLANG_WARN__DUPLICATE_METHOD_MATCH = YES;
				COPY_PHASE_STRIP = NO;
				DEBUG_INFORMATION_FORMAT = dwarf;
				ENABLE_STRICT_OBJC_MSGSEND = YES;
				ENABLE_TESTABILITY = YES;
				GCC_C_LANGUAGE_STANDARD = gnu11;
				GCC_DYNAMIC_NO_PIC = NO;
				GCC_NO_COMMON_BLOCKS = YES;
				GCC_OPTIMIZATION_LEVEL = 0;
				GCC_PREPROCESSOR_DEFINITIONS = (
					"DEBUG=1",
					"$(inherited)",
				);
				GCC_WARN_64_TO_32_BIT_CONVERSION = YES;
				GCC_WARN_ABOUT_RETURN_TYPE = YES_ERROR;
				GCC_WARN_UNDECLARED_SELECTOR = YES;
				GCC_WARN_UNINITIALIZED_AUTOS = YES_AGGRESSIVE;
				GCC_WARN_UNUSED_FUNCTION = YES;
				GCC_WARN_UNUSED_VARIABLE = YES;
				IPHONEOS_DEPLOYMENT_TARGET = 13.0;
				MTL_ENABLE_DEBUG_INFO = INCLUDE_SOURCE;
				MTL_FAST_MATH = YES;
				ONLY_ACTIVE_ARCH = YES;
				SDKROOT = iphoneos;
				SWIFT_ACTIVE_COMPILATION_CONDITIONS = DEBUG;
				SWIFT_OPTIMIZATION_LEVEL = "-Onone";
			};
			name = Debug;
		};
		7152A2F5234319FE00B1DF58 /* Release */ = {
			isa = XCBuildConfiguration;
			buildSettings = {
				ALWAYS_SEARCH_USER_PATHS = NO;
				CLANG_ANALYZER_NONNULL = YES;
				CLANG_ANALYZER_NUMBER_OBJECT_CONVERSION = YES_AGGRESSIVE;
				CLANG_CXX_LANGUAGE_STANDARD = "gnu++14";
				CLANG_CXX_LIBRARY = "libc++";
				CLANG_ENABLE_MODULES = YES;
				CLANG_ENABLE_OBJC_ARC = YES;
				CLANG_ENABLE_OBJC_WEAK = YES;
				CLANG_WARN_BLOCK_CAPTURE_AUTORELEASING = YES;
				CLANG_WARN_BOOL_CONVERSION = YES;
				CLANG_WARN_COMMA = YES;
				CLANG_WARN_CONSTANT_CONVERSION = YES;
				CLANG_WARN_DEPRECATED_OBJC_IMPLEMENTATIONS = YES;
				CLANG_WARN_DIRECT_OBJC_ISA_USAGE = YES_ERROR;
				CLANG_WARN_DOCUMENTATION_COMMENTS = YES;
				CLANG_WARN_EMPTY_BODY = YES;
				CLANG_WARN_ENUM_CONVERSION = YES;
				CLANG_WARN_INFINITE_RECURSION = YES;
				CLANG_WARN_INT_CONVERSION = YES;
				CLANG_WARN_NON_LITERAL_NULL_CONVERSION = YES;
				CLANG_WARN_OBJC_IMPLICIT_RETAIN_SELF = YES;
				CLANG_WARN_OBJC_LITERAL_CONVERSION = YES;
				CLANG_WARN_OBJC_ROOT_CLASS = YES_ERROR;
				CLANG_WARN_RANGE_LOOP_ANALYSIS = YES;
				CLANG_WARN_STRICT_PROTOTYPES = YES;
				CLANG_WARN_SUSPICIOUS_MOVE = YES;
				CLANG_WARN_UNGUARDED_AVAILABILITY = YES_AGGRESSIVE;
				CLANG_WARN_UNREACHABLE_CODE = YES;
				CLANG_WARN__DUPLICATE_METHOD_MATCH = YES;
				COPY_PHASE_STRIP = NO;
				DEBUG_INFORMATION_FORMAT = "dwarf-with-dsym";
				ENABLE_NS_ASSERTIONS = NO;
				ENABLE_STRICT_OBJC_MSGSEND = YES;
				GCC_C_LANGUAGE_STANDARD = gnu11;
				GCC_NO_COMMON_BLOCKS = YES;
				GCC_WARN_64_TO_32_BIT_CONVERSION = YES;
				GCC_WARN_ABOUT_RETURN_TYPE = YES_ERROR;
				GCC_WARN_UNDECLARED_SELECTOR = YES;
				GCC_WARN_UNINITIALIZED_AUTOS = YES_AGGRESSIVE;
				GCC_WARN_UNUSED_FUNCTION = YES;
				GCC_WARN_UNUSED_VARIABLE = YES;
				IPHONEOS_DEPLOYMENT_TARGET = 13.0;
				MTL_ENABLE_DEBUG_INFO = NO;
				MTL_FAST_MATH = YES;
				SDKROOT = iphoneos;
				SWIFT_COMPILATION_MODE = wholemodule;
				SWIFT_OPTIMIZATION_LEVEL = "-O";
				VALIDATE_PRODUCT = YES;
			};
			name = Release;
		};
		7152A2F7234319FE00B1DF58 /* Debug */ = {
			isa = XCBuildConfiguration;
			buildSettings = {
				ASSETCATALOG_COMPILER_APPICON_NAME = AppIcon;
				CODE_SIGN_STYLE = Automatic;
				DEVELOPMENT_ASSET_PATHS = "\"The List/Preview Content\"";
				ENABLE_PREVIEWS = YES;
				INFOPLIST_FILE = "The List/Info.plist";
				LD_RUNPATH_SEARCH_PATHS = (
					"$(inherited)",
					"@executable_path/Frameworks",
				);
				PRODUCT_BUNDLE_IDENTIFIER = "st.efo.The-List";
				PRODUCT_NAME = "$(TARGET_NAME)";
				SWIFT_VERSION = 5.0;
				TARGETED_DEVICE_FAMILY = "1,2";
			};
			name = Debug;
		};
		7152A2F8234319FE00B1DF58 /* Release */ = {
			isa = XCBuildConfiguration;
			buildSettings = {
				ASSETCATALOG_COMPILER_APPICON_NAME = AppIcon;
				CODE_SIGN_STYLE = Automatic;
				DEVELOPMENT_ASSET_PATHS = "\"The List/Preview Content\"";
				ENABLE_PREVIEWS = YES;
				INFOPLIST_FILE = "The List/Info.plist";
				LD_RUNPATH_SEARCH_PATHS = (
					"$(inherited)",
					"@executable_path/Frameworks",
				);
				PRODUCT_BUNDLE_IDENTIFIER = "st.efo.The-List";
				PRODUCT_NAME = "$(TARGET_NAME)";
				SWIFT_VERSION = 5.0;
				TARGETED_DEVICE_FAMILY = "1,2";
			};
			name = Release;
		};
		7152A2FA234319FE00B1DF58 /* Debug */ = {
			isa = XCBuildConfiguration;
			buildSettings = {
				ALWAYS_EMBED_SWIFT_STANDARD_LIBRARIES = YES;
				BUNDLE_LOADER = "$(TEST_HOST)";
				CODE_SIGN_STYLE = Automatic;
				INFOPLIST_FILE = "The ListTests/Info.plist";
				IPHONEOS_DEPLOYMENT_TARGET = 13.0;
				LD_RUNPATH_SEARCH_PATHS = (
					"$(inherited)",
					"@executable_path/Frameworks",
					"@loader_path/Frameworks",
				);
				PRODUCT_BUNDLE_IDENTIFIER = "st.efo.The-ListTests";
				PRODUCT_NAME = "$(TARGET_NAME)";
				SWIFT_VERSION = 5.0;
				TARGETED_DEVICE_FAMILY = "1,2";
				TEST_HOST = "$(BUILT_PRODUCTS_DIR)/The List.app/The List";
			};
			name = Debug;
		};
		7152A2FB234319FE00B1DF58 /* Release */ = {
			isa = XCBuildConfiguration;
			buildSettings = {
				ALWAYS_EMBED_SWIFT_STANDARD_LIBRARIES = YES;
				BUNDLE_LOADER = "$(TEST_HOST)";
				CODE_SIGN_STYLE = Automatic;
				INFOPLIST_FILE = "The ListTests/Info.plist";
				IPHONEOS_DEPLOYMENT_TARGET = 13.0;
				LD_RUNPATH_SEARCH_PATHS = (
					"$(inherited)",
					"@executable_path/Frameworks",
					"@loader_path/Frameworks",
				);
				PRODUCT_BUNDLE_IDENTIFIER = "st.efo.The-ListTests";
				PRODUCT_NAME = "$(TARGET_NAME)";
				SWIFT_VERSION = 5.0;
				TARGETED_DEVICE_FAMILY = "1,2";
				TEST_HOST = "$(BUILT_PRODUCTS_DIR)/The List.app/The List";
			};
			name = Release;
		};
		7152A2FD234319FE00B1DF58 /* Debug */ = {
			isa = XCBuildConfiguration;
			buildSettings = {
				ALWAYS_EMBED_SWIFT_STANDARD_LIBRARIES = YES;
				CODE_SIGN_STYLE = Automatic;
				INFOPLIST_FILE = "The ListUITests/Info.plist";
				LD_RUNPATH_SEARCH_PATHS = (
					"$(inherited)",
					"@executable_path/Frameworks",
					"@loader_path/Frameworks",
				);
				PRODUCT_BUNDLE_IDENTIFIER = "st.efo.The-ListUITests";
				PRODUCT_NAME = "$(TARGET_NAME)";
				SWIFT_VERSION = 5.0;
				TARGETED_DEVICE_FAMILY = "1,2";
				TEST_TARGET_NAME = "The List";
			};
			name = Debug;
		};
		7152A2FE234319FE00B1DF58 /* Release */ = {
			isa = XCBuildConfiguration;
			buildSettings = {
				ALWAYS_EMBED_SWIFT_STANDARD_LIBRARIES = YES;
				CODE_SIGN_STYLE = Automatic;
				INFOPLIST_FILE = "The ListUITests/Info.plist";
				LD_RUNPATH_SEARCH_PATHS = (
					"$(inherited)",
					"@executable_path/Frameworks",
					"@loader_path/Frameworks",
				);
				PRODUCT_BUNDLE_IDENTIFIER = "st.efo.The-ListUITests";
				PRODUCT_NAME = "$(TARGET_NAME)";
				SWIFT_VERSION = 5.0;
				TARGETED_DEVICE_FAMILY = "1,2";
				TEST_TARGET_NAME = "The List";
			};
			name = Release;
		};
/* End XCBuildConfiguration section */

/* Begin XCConfigurationList section */
		7152A2C4234319FC00B1DF58 /* Build configuration list for PBXProject "The List" */ = {
			isa = XCConfigurationList;
			buildConfigurations = (
				7152A2F4234319FE00B1DF58 /* Debug */,
				7152A2F5234319FE00B1DF58 /* Release */,
			);
			defaultConfigurationIsVisible = 0;
			defaultConfigurationName = Release;
		};
		7152A2F6234319FE00B1DF58 /* Build configuration list for PBXNativeTarget "The List" */ = {
			isa = XCConfigurationList;
			buildConfigurations = (
				7152A2F7234319FE00B1DF58 /* Debug */,
				7152A2F8234319FE00B1DF58 /* Release */,
			);
			defaultConfigurationIsVisible = 0;
			defaultConfigurationName = Release;
		};
		7152A2F9234319FE00B1DF58 /* Build configuration list for PBXNativeTarget "The ListTests" */ = {
			isa = XCConfigurationList;
			buildConfigurations = (
				7152A2FA234319FE00B1DF58 /* Debug */,
				7152A2FB234319FE00B1DF58 /* Release */,
			);
			defaultConfigurationIsVisible = 0;
			defaultConfigurationName = Release;
		};
		7152A2FC234319FE00B1DF58 /* Build configuration list for PBXNativeTarget "The ListUITests" */ = {
			isa = XCConfigurationList;
			buildConfigurations = (
				7152A2FD234319FE00B1DF58 /* Debug */,
				7152A2FE234319FE00B1DF58 /* Release */,
			);
			defaultConfigurationIsVisible = 0;
			defaultConfigurationName = Release;
		};
/* End XCConfigurationList section */

/* Begin XCVersionGroup section */
		7152A2D0234319FC00B1DF58 /* The_List.xcdatamodeld */ = {
			isa = XCVersionGroup;
			children = (
				7152A2D1234319FC00B1DF58 /* The_List.xcdatamodel */,
			);
			currentVersion = 7152A2D1234319FC00B1DF58 /* The_List.xcdatamodel */;
			path = The_List.xcdatamodeld;
			sourceTree = "<group>";
			versionGroupType = wrapper.xcdatamodel;
		};
/* End XCVersionGroup section */
	};
	rootObject = 7152A2C1234319FC00B1DF58 /* Project object */;
}
